
Microsoft Visual Studio Solution File, Format Version 10.00
# Visual Studio 2008
Project("{FAE04EC0-301F-11D3-BF4B-00C04F79EFBC}") = "WindowsLiveMailLauncher", "WindowsLiveMailLauncher.csproj", "{5253BBF3-DD52-43C2-859B-DA2FF39F7729}"
EndProject
Global
	GlobalSection(SolutionConfigurationPlatforms) = preSolution
		Debug|Any CPU = Debug|Any CPU
		Release|Any CPU = Release|Any CPU
	EndGlobalSection
	GlobalSection(ProjectConfigurationPlatforms) = postSolution
		{5253BBF3-DD52-43C2-859B-DA2FF39F7729}.Debug|Any CPU.ActiveCfg = Debug|Any CPU
		{5253BBF3-DD52-43C2-859B-DA2FF39F7729}.Debug|Any CPU.Build.0 = Debug|Any CPU
		{5253BBF3-DD52-43C2-859B-DA2FF39F7729}.Release|Any CPU.ActiveCfg = Release|Any CPU
		{5253BBF3-DD52-43C2-859B-DA2FF39F7729}.Release|Any CPU.Build.0 = Release|Any CPU
	EndGlobalSection
	GlobalSection(SolutionProperties) = preSolution
		HideSolutionNode = FALSE
	EndGlobalSection
EndGlobal
